{"filter":false,"title":"Gemfile.lock","tooltip":"/Gemfile.lock","undoManager":{"mark":-1,"position":-1,"stack":[]},"ace":{"folds":[],"scrolltop":1208.5,"scrollleft":0,"selection":{"start":{"row":29,"column":31},"end":{"row":29,"column":31},"isBackwards":false},"options":{"guessTabSize":true,"useWrapMode":false,"wrapToView":true},"firstLineState":0},"timestamp":1450191210000,"hash":"06c3ce2cc5a47f4f6e309df5c51611915f77db77"}